
Microsoft Visual Studio Solution File, Format Version 12.00
# Visual Studio 15
VisualStudioVersion = 15.0.26730.16
MinimumVisualStudioVersion = 10.0.40219.1
Project("{FAE04EC0-301F-11D3-BF4B-00C04F79EFBC}") = "GuildCars.UI", "GuildCars.UI\GuildCars.UI.csproj", "{49C6A343-AFCE-4FCC-B82B-A5F863047D00}"
EndProject
Project("{FAE04EC0-301F-11D3-BF4B-00C04F79EFBC}") = "GuildCars.Data", "GuildCars.Data\GuildCars.Data.csproj", "{21246199-0756-46E9-B132-7CAE4BB52632}"
EndProject
Project("{FAE04EC0-301F-11D3-BF4B-00C04F79EFBC}") = "GuildCars.Tests", "GuildCars.Tests\GuildCars.Tests.csproj", "{06671F6F-6F77-407E-AE2E-DFE6E8467412}"
EndProject
Project("{FAE04EC0-301F-11D3-BF4B-00C04F79EFBC}") = "GuildCars.Models", "GuildCars.Models\GuildCars.Models.csproj", "{65B5A6AA-26E2-4BE2-9644-0793684FCDAD}"
EndProject
Global
	GlobalSection(SolutionConfigurationPlatforms) = preSolution
		Debug|Any CPU = Debug|Any CPU
		Release|Any CPU = Release|Any CPU
	EndGlobalSection
	GlobalSection(ProjectConfigurationPlatforms) = postSolution
		{49C6A343-AFCE-4FCC-B82B-A5F863047D00}.Debug|Any CPU.ActiveCfg = Debug|Any CPU
		{49C6A343-AFCE-4FCC-B82B-A5F863047D00}.Debug|Any CPU.Build.0 = Debug|Any CPU
		{49C6A343-AFCE-4FCC-B82B-A5F863047D00}.Release|Any CPU.ActiveCfg = Release|Any CPU
		{49C6A343-AFCE-4FCC-B82B-A5F863047D00}.Release|Any CPU.Build.0 = Release|Any CPU
		{21246199-0756-46E9-B132-7CAE4BB52632}.Debug|Any CPU.ActiveCfg = Debug|Any CPU
		{21246199-0756-46E9-B132-7CAE4BB52632}.Debug|Any CPU.Build.0 = Debug|Any CPU
		{21246199-0756-46E9-B132-7CAE4BB52632}.Release|Any CPU.ActiveCfg = Release|Any CPU
		{21246199-0756-46E9-B132-7CAE4BB52632}.Release|Any CPU.Build.0 = Release|Any CPU
		{06671F6F-6F77-407E-AE2E-DFE6E8467412}.Debug|Any CPU.ActiveCfg = Debug|Any CPU
		{06671F6F-6F77-407E-AE2E-DFE6E8467412}.Debug|Any CPU.Build.0 = Debug|Any CPU
		{06671F6F-6F77-407E-AE2E-DFE6E8467412}.Release|Any CPU.ActiveCfg = Release|Any CPU
		{06671F6F-6F77-407E-AE2E-DFE6E8467412}.Release|Any CPU.Build.0 = Release|Any CPU
		{65B5A6AA-26E2-4BE2-9644-0793684FCDAD}.Debug|Any CPU.ActiveCfg = Debug|Any CPU
		{65B5A6AA-26E2-4BE2-9644-0793684FCDAD}.Debug|Any CPU.Build.0 = Debug|Any CPU
		{65B5A6AA-26E2-4BE2-9644-0793684FCDAD}.Release|Any CPU.ActiveCfg = Release|Any CPU
		{65B5A6AA-26E2-4BE2-9644-0793684FCDAD}.Release|Any CPU.Build.0 = Release|Any CPU
	EndGlobalSection
	GlobalSection(SolutionProperties) = preSolution
		HideSolutionNode = FALSE
	EndGlobalSection
	GlobalSection(ExtensibilityGlobals) = postSolution
		SolutionGuid = {C51E4ABC-62AA-4608-80B3-56DE2A43B20E}
	EndGlobalSection
EndGlobal
